
Microsoft Visual Studio Solution File, Format Version 12.00
Project("{FAE04EC0-301F-11D3-BF4B-00C04F79EFBC}") = "Reference13", "Reference13\Reference13.csproj", "{60607C33-A836-4A90-BFCD-01D56E2985E2}"
EndProject
Global
	GlobalSection(SolutionConfigurationPlatforms) = preSolution
		Debug|Any CPU = Debug|Any CPU
		Release|Any CPU = Release|Any CPU
	EndGlobalSection
	GlobalSection(ProjectConfigurationPlatforms) = postSolution
		{60607C33-A836-4A90-BFCD-01D56E2985E2}.Debug|Any CPU.ActiveCfg = Debug|Any CPU
		{60607C33-A836-4A90-BFCD-01D56E2985E2}.Debug|Any CPU.Build.0 = Debug|Any CPU
		{60607C33-A836-4A90-BFCD-01D56E2985E2}.Release|Any CPU.ActiveCfg = Release|Any CPU
		{60607C33-A836-4A90-BFCD-01D56E2985E2}.Release|Any CPU.Build.0 = Release|Any CPU
	EndGlobalSection
EndGlobal
